// !$*UTF8*$!
{
	archiveVersion = 1;
	classes = {
	};
	objectVersion = 50;
	objects = {

/* Begin PBXBuildFile section */
		17B11FB1214DF89C00FD7CC8 /* AppDelegate.swift in Sources */ = {isa = PBXBuildFile; fileRef = 17B11FB0214DF89C00FD7CC8 /* AppDelegate.swift */; };
		17B11FB3214DF89C00FD7CC8 /* FirstViewController.swift in Sources */ = {isa = PBXBuildFile; fileRef = 17B11FB2214DF89C00FD7CC8 /* FirstViewController.swift */; };
		17B11FB5214DF89C00FD7CC8 /* SecondViewController.swift in Sources */ = {isa = PBXBuildFile; fileRef = 17B11FB4214DF89C00FD7CC8 /* SecondViewController.swift */; };
		17B11FB8214DF89C00FD7CC8 /* Main.storyboard in Resources */ = {isa = PBXBuildFile; fileRef = 17B11FB6214DF89C00FD7CC8 /* Main.storyboard */; };
		17B11FBA214DF89D00FD7CC8 /* Assets.xcassets in Resources */ = {isa = PBXBuildFile; fileRef = 17B11FB9214DF89D00FD7CC8 /* Assets.xcassets */; };
		17B11FBD214DF89D00FD7CC8 /* LaunchScreen.storyboard in Resources */ = {isa = PBXBuildFile; fileRef = 17B11FBB214DF89D00FD7CC8 /* LaunchScreen.storyboard */; };
		17B11FC8214DF89D00FD7CC8 /* PlowNoMoreTests.swift in Sources */ = {isa = PBXBuildFile; fileRef = 17B11FC7214DF89D00FD7CC8 /* PlowNoMoreTests.swift */; };
		17B11FD3214DF89E00FD7CC8 /* PlowNoMoreUITests.swift in Sources */ = {isa = PBXBuildFile; fileRef = 17B11FD2214DF89E00FD7CC8 /* PlowNoMoreUITests.swift */; };
/* End PBXBuildFile section */

/* Begin PBXContainerItemProxy section */
		17B11FC4214DF89D00FD7CC8 /* PBXContainerItemProxy */ = {
			isa = PBXContainerItemProxy;
			containerPortal = 17B11FA5214DF89C00FD7CC8 /* Project object */;
			proxyType = 1;
			remoteGlobalIDString = 17B11FAC214DF89C00FD7CC8;
			remoteInfo = PlowNoMore;
		};
		17B11FCF214DF89E00FD7CC8 /* PBXContainerItemProxy */ = {
			isa = PBXContainerItemProxy;
			containerPortal = 17B11FA5214DF89C00FD7CC8 /* Project object */;
			proxyType = 1;
			remoteGlobalIDString = 17B11FAC214DF89C00FD7CC8;
			remoteInfo = PlowNoMore;
		};
/* End PBXContainerItemProxy section */

/* Begin PBXFileReference section */
		17B11FAD214DF89C00FD7CC8 /* PlowNoMore.app */ = {isa = PBXFileReference; explicitFileType = wrapper.application; includeInIndex = 0; path = PlowNoMore.app; sourceTree = BUILT_PRODUCTS_DIR; };
		17B11FB0214DF89C00FD7CC8 /* AppDelegate.swift */ = {isa = PBXFileReference; lastKnownFileType = sourcecode.swift; path = AppDelegate.swift; sourceTree = "<group>"; };
		17B11FB2214DF89C00FD7CC8 /* FirstViewController.swift */ = {isa = PBXFileReference; lastKnownFileType = sourcecode.swift; path = FirstViewController.swift; sourceTree = "<group>"; };
		17B11FB4214DF89C00FD7CC8 /* SecondViewController.swift */ = {isa = PBXFileReference; lastKnownFileType = sourcecode.swift; path = SecondViewController.swift; sourceTree = "<group>"; };
		17B11FB7214DF89C00FD7CC8 /* Base */ = {isa = PBXFileReference; lastKnownFileType = file.storyboard; name = Base; path = Base.lproj/Main.storyboard; sourceTree = "<group>"; };
		17B11FB9214DF89D00FD7CC8 /* Assets.xcassets */ = {isa = PBXFileReference; lastKnownFileType = folder.assetcatalog; path = Assets.xcassets; sourceTree = "<group>"; };
		17B11FBC214DF89D00FD7CC8 /* Base */ = {isa = PBXFileReference; lastKnownFileType = file.storyboard; name = Base; path = Base.lproj/LaunchScreen.storyboard; sourceTree = "<group>"; };
		17B11FBE214DF89D00FD7CC8 /* Info.plist */ = {isa = PBXFileReference; lastKnownFileType = text.plist.xml; path = Info.plist; sourceTree = "<group>"; };
		17B11FC3214DF89D00FD7CC8 /* PlowNoMoreTests.xctest */ = {isa = PBXFileReference; explicitFileType = wrapper.cfbundle; includeInIndex = 0; path = PlowNoMoreTests.xctest; sourceTree = BUILT_PRODUCTS_DIR; };
		17B11FC7214DF89D00FD7CC8 /* PlowNoMoreTests.swift */ = {isa = PBXFileReference; lastKnownFileType = sourcecode.swift; path = PlowNoMoreTests.swift; sourceTree = "<group>"; };
		17B11FC9214DF89E00FD7CC8 /* Info.plist */ = {isa = PBXFileReference; lastKnownFileType = text.plist.xml; path = Info.plist; sourceTree = "<group>"; };
		17B11FCE214DF89E00FD7CC8 /* PlowNoMoreUITests.xctest */ = {isa = PBXFileReference; explicitFileType = wrapper.cfbundle; includeInIndex = 0; path = PlowNoMoreUITests.xctest; sourceTree = BUILT_PRODUCTS_DIR; };
		17B11FD2214DF89E00FD7CC8 /* PlowNoMoreUITests.swift */ = {isa = PBXFileReference; lastKnownFileType = sourcecode.swift; path = PlowNoMoreUITests.swift; sourceTree = "<group>"; };
		17B11FD4214DF89E00FD7CC8 /* Info.plist */ = {isa = PBXFileReference; lastKnownFileType = text.plist.xml; path = Info.plist; sourceTree = "<group>"; };
/* End PBXFileReference section */

/* Begin PBXFrameworksBuildPhase section */
		17B11FAA214DF89C00FD7CC8 /* Frameworks */ = {
			isa = PBXFrameworksBuildPhase;
			buildActionMask = 2147483647;
			files = (
			);
			runOnlyForDeploymentPostprocessing = 0;
		};
		17B11FC0214DF89D00FD7CC8 /* Frameworks */ = {
			isa = PBXFrameworksBuildPhase;
			buildActionMask = 2147483647;
			files = (
			);
			runOnlyForDeploymentPostprocessing = 0;
		};
		17B11FCB214DF89E00FD7CC8 /* Frameworks */ = {
			isa = PBXFrameworksBuildPhase;
			buildActionMask = 2147483647;
			files = (
			);
			runOnlyForDeploymentPostprocessing = 0;
		};
/* End PBXFrameworksBuildPhase section */

/* Begin PBXGroup section */
		17B11FA4214DF89C00FD7CC8 = {
			isa = PBXGroup;
			children = (
				17B11FAF214DF89C00FD7CC8 /* PlowNoMore */,
				17B11FC6214DF89D00FD7CC8 /* PlowNoMoreTests */,
				17B11FD1214DF89E00FD7CC8 /* PlowNoMoreUITests */,
				17B11FAE214DF89C00FD7CC8 /* Products */,
			);
			sourceTree = "<group>";
		};
		17B11FAE214DF89C00FD7CC8 /* Products */ = {
			isa = PBXGroup;
			children = (
				17B11FAD214DF89C00FD7CC8 /* PlowNoMore.app */,
				17B11FC3214DF89D00FD7CC8 /* PlowNoMoreTests.xctest */,
				17B11FCE214DF89E00FD7CC8 /* PlowNoMoreUITests.xctest */,
			);
			name = Products;
			sourceTree = "<group>";
		};
		17B11FAF214DF89C00FD7CC8 /* PlowNoMore */ = {
			isa = PBXGroup;
			children = (
				17B11FB0214DF89C00FD7CC8 /* AppDelegate.swift */,
				17B11FB2214DF89C00FD7CC8 /* FirstViewController.swift */,
				17B11FB4214DF89C00FD7CC8 /* SecondViewController.swift */,
				17B11FB6214DF89C00FD7CC8 /* Main.storyboard */,
				17B11FB9214DF89D00FD7CC8 /* Assets.xcassets */,
				17B11FBB214DF89D00FD7CC8 /* LaunchScreen.storyboard */,
				17B11FBE214DF89D00FD7CC8 /* Info.plist */,
			);
			path = PlowNoMore;
			sourceTree = "<group>";
		};
		17B11FC6214DF89D00FD7CC8 /* PlowNoMoreTests */ = {
			isa = PBXGroup;
			children = (
				17B11FC7214DF89D00FD7CC8 /* PlowNoMoreTests.swift */,
				17B11FC9214DF89E00FD7CC8 /* Info.plist */,
			);
			path = PlowNoMoreTests;
			sourceTree = "<group>";
		};
		17B11FD1214DF89E00FD7CC8 /* PlowNoMoreUITests */ = {
			isa = PBXGroup;
			children = (
				17B11FD2214DF89E00FD7CC8 /* PlowNoMoreUITests.swift */,
				17B11FD4214DF89E00FD7CC8 /* Info.plist */,
			);
			path = PlowNoMoreUITests;
			sourceTree = "<group>";
		};
/* End PBXGroup section */

/* Begin PBXNativeTarget section */
		17B11FAC214DF89C00FD7CC8 /* PlowNoMore */ = {
			isa = PBXNativeTarget;
			buildConfigurationList = 17B11FD7214DF89E00FD7CC8 /* Build configuration list for PBXNativeTarget "PlowNoMore" */;
			buildPhases = (
				17B11FA9214DF89C00FD7CC8 /* Sources */,
				17B11FAA214DF89C00FD7CC8 /* Frameworks */,
				17B11FAB214DF89C00FD7CC8 /* Resources */,
			);
			buildRules = (
			);
			dependencies = (
			);
			name = PlowNoMore;
			productName = PlowNoMore;
			productReference = 17B11FAD214DF89C00FD7CC8 /* PlowNoMore.app */;
			productType = "com.apple.product-type.application";
		};
		17B11FC2214DF89D00FD7CC8 /* PlowNoMoreTests */ = {
			isa = PBXNativeTarget;
			buildConfigurationList = 17B11FDA214DF89E00FD7CC8 /* Build configuration list for PBXNativeTarget "PlowNoMoreTests" */;
			buildPhases = (
				17B11FBF214DF89D00FD7CC8 /* Sources */,
				17B11FC0214DF89D00FD7CC8 /* Frameworks */,
				17B11FC1214DF89D00FD7CC8 /* Resources */,
			);
			buildRules = (
			);
			dependencies = (
				17B11FC5214DF89D00FD7CC8 /* PBXTargetDependency */,
			);
			name = PlowNoMoreTests;
			productName = PlowNoMoreTests;
			productReference = 17B11FC3214DF89D00FD7CC8 /* PlowNoMoreTests.xctest */;
			productType = "com.apple.product-type.bundle.unit-test";
		};
		17B11FCD214DF89E00FD7CC8 /* PlowNoMoreUITests */ = {
			isa = PBXNativeTarget;
			buildConfigurationList = 17B11FDD214DF89E00FD7CC8 /* Build configuration list for PBXNativeTarget "PlowNoMoreUITests" */;
			buildPhases = (
				17B11FCA214DF89E00FD7CC8 /* Sources */,
				17B11FCB214DF89E00FD7CC8 /* Frameworks */,
				17B11FCC214DF89E00FD7CC8 /* Resources */,
			);
			buildRules = (
			);
			dependencies = (
				17B11FD0214DF89E00FD7CC8 /* PBXTargetDependency */,
			);
			name = PlowNoMoreUITests;
			productName = PlowNoMoreUITests;
			productReference = 17B11FCE214DF89E00FD7CC8 /* PlowNoMoreUITests.xctest */;
			productType = "com.apple.product-type.bundle.ui-testing";
		};
/* End PBXNativeTarget section */

/* Begin PBXProject section */
		17B11FA5214DF89C00FD7CC8 /* Project object */ = {
			isa = PBXProject;
			attributes = {
				LastSwiftUpdateCheck = 0940;
				LastUpgradeCheck = 0940;
				ORGANIZATIONNAME = "Yaser Alkayale";
				TargetAttributes = {
					17B11FAC214DF89C00FD7CC8 = {
						CreatedOnToolsVersion = 9.4.1;
					};
					17B11FC2214DF89D00FD7CC8 = {
						CreatedOnToolsVersion = 9.4.1;
						TestTargetID = 17B11FAC214DF89C00FD7CC8;
					};
					17B11FCD214DF89E00FD7CC8 = {
						CreatedOnToolsVersion = 9.4.1;
						TestTargetID = 17B11FAC214DF89C00FD7CC8;
					};
				};
			};
			buildConfigurationList = 17B11FA8214DF89C00FD7CC8 /* Build configuration list for PBXProject "PlowNoMore" */;
			compatibilityVersion = "Xcode 9.3";
			developmentRegion = en;
			hasScannedForEncodings = 0;
			knownRegions = (
				en,
				Base,
			);
			mainGroup = 17B11FA4214DF89C00FD7CC8;
			productRefGroup = 17B11FAE214DF89C00FD7CC8 /* Products */;
			projectDirPath = "";
			projectRoot = "";
			targets = (
				17B11FAC214DF89C00FD7CC8 /* PlowNoMore */,
				17B11FC2214DF89D00FD7CC8 /* PlowNoMoreTests */,
				17B11FCD214DF89E00FD7CC8 /* PlowNoMoreUITests */,
			);
		};
/* End PBXProject section */

/* Begin PBXResourcesBuildPhase section */
		17B11FAB214DF89C00FD7CC8 /* Resources */ = {
			isa = PBXResourcesBuildPhase;
			buildActionMask = 2147483647;
			files = (
				17B11FBD214DF89D00FD7CC8 /* LaunchScreen.storyboard in Resources */,
				17B11FBA214DF89D00FD7CC8 /* Assets.xcassets in Resources */,
				17B11FB8214DF89C00FD7CC8 /* Main.storyboard in Resources */,
			);
			runOnlyForDeploymentPostprocessing = 0;
		};
		17B11FC1214DF89D00FD7CC8 /* Resources */ = {
			isa = PBXResourcesBuildPhase;
			buildActionMask = 2147483647;
			files = (
			);
			runOnlyForDeploymentPostprocessing = 0;
		};
		17B11FCC214DF89E00FD7CC8 /* Resources */ = {
			isa = PBXResourcesBuildPhase;
			buildActionMask = 2147483647;
			files = (
			);
			runOnlyForDeploymentPostprocessing = 0;
		};
/* End PBXResourcesBuildPhase section */

/* Begin PBXSourcesBuildPhase section */
		17B11FA9214DF89C00FD7CC8 /* Sources */ = {
			isa = PBXSourcesBuildPhase;
			buildActionMask = 2147483647;
			files = (
				17B11FB5214DF89C00FD7CC8 /* SecondViewController.swift in Sources */,
				17B11FB1214DF89C00FD7CC8 /* AppDelegate.swift in Sources */,
				17B11FB3214DF89C00FD7CC8 /* FirstViewController.swift in Sources */,
			);
			runOnlyForDeploymentPostprocessing = 0;
		};
		17B11FBF214DF89D00FD7CC8 /* Sources */ = {
			isa = PBXSourcesBuildPhase;
			buildActionMask = 2147483647;
			files = (
				17B11FC8214DF89D00FD7CC8 /* PlowNoMoreTests.swift in Sources */,
			);
			runOnlyForDeploymentPostprocessing = 0;
		};
		17B11FCA214DF89E00FD7CC8 /* Sources */ = {
			isa = PBXSourcesBuildPhase;
			buildActionMask = 2147483647;
			files = (
				17B11FD3214DF89E00FD7CC8 /* PlowNoMoreUITests.swift in Sources */,
			);
			runOnlyForDeploymentPostprocessing = 0;
		};
/* End PBXSourcesBuildPhase section */

/* Begin PBXTargetDependency section */
		17B11FC5214DF89D00FD7CC8 /* PBXTargetDependency */ = {
			isa = PBXTargetDependency;
			target = 17B11FAC214DF89C00FD7CC8 /* PlowNoMore */;
			targetProxy = 17B11FC4214DF89D00FD7CC8 /* PBXContainerItemProxy */;
		};
		17B11FD0214DF89E00FD7CC8 /* PBXTargetDependency */ = {
			isa = PBXTargetDependency;
			target = 17B11FAC214DF89C00FD7CC8 /* PlowNoMore */;
			targetProxy = 17B11FCF214DF89E00FD7CC8 /* PBXContainerItemProxy */;
		};
/* End PBXTargetDependency section */

/* Begin PBXVariantGroup section */
		17B11FB6214DF89C00FD7CC8 /* Main.storyboard */ = {
			isa = PBXVariantGroup;
			children = (
				17B11FB7214DF89C00FD7CC8 /* Base */,
			);
			name = Main.storyboard;
			sourceTree = "<group>";
		};
		17B11FBB214DF89D00FD7CC8 /* LaunchScreen.storyboard */ = {
			isa = PBXVariantGroup;
			children = (
				17B11FBC214DF89D00FD7CC8 /* Base */,
			);
			name = LaunchScreen.storyboard;
			sourceTree = "<group>";
		};
/* End PBXVariantGroup section */

/* Begin XCBuildConfiguration section */
		17B11FD5214DF89E00FD7CC8 /* Debug */ = {
			isa = XCBuildConfiguration;
			buildSettings = {
				ALWAYS_SEARCH_USER_PATHS = NO;
				CLANG_ANALYZER_NONNULL = YES;
				CLANG_ANALYZER_NUMBER_OBJECT_CONVERSION = YES_AGGRESSIVE;
				CLANG_CXX_LANGUAGE_STANDARD = "gnu++14";
				CLANG_CXX_LIBRARY = "libc++";
				CLANG_ENABLE_MODULES = YES;
				CLANG_ENABLE_OBJC_ARC = YES;
				CLANG_ENABLE_OBJC_WEAK = YES;
				CLANG_WARN_BLOCK_CAPTURE_AUTORELEASING = YES;
				CLANG_WARN_BOOL_CONVERSION = YES;
				CLANG_WARN_COMMA = YES;
				CLANG_WARN_CONSTANT_CONVERSION = YES;
				CLANG_WARN_DEPRECATED_OBJC_IMPLEMENTATIONS = YES;
				CLANG_WARN_DIRECT_OBJC_ISA_USAGE = YES_ERROR;
				CLANG_WARN_DOCUMENTATION_COMMENTS = YES;
				CLANG_WARN_EMPTY_BODY = YES;
				CLANG_WARN_ENUM_CONVERSION = YES;
				CLANG_WARN_INFINITE_RECURSION = YES;
				CLANG_WARN_INT_CONVERSION = YES;
				CLANG_WARN_NON_LITERAL_NULL_CONVERSION = YES;
				CLANG_WARN_OBJC_IMPLICIT_RETAIN_SELF = YES;
				CLANG_WARN_OBJC_LITERAL_CONVERSION = YES;
				CLANG_WARN_OBJC_ROOT_CLASS = YES_ERROR;
				CLANG_WARN_RANGE_LOOP_ANALYSIS = YES;
				CLANG_WARN_STRICT_PROTOTYPES = YES;
				CLANG_WARN_SUSPICIOUS_MOVE = YES;
				CLANG_WARN_UNGUARDED_AVAILABILITY = YES_AGGRESSIVE;
				CLANG_WARN_UNREACHABLE_CODE = YES;
				CLANG_WARN__DUPLICATE_METHOD_MATCH = YES;
				CODE_SIGN_IDENTITY = "iPhone Developer";
				COPY_PHASE_STRIP = NO;
				DEBUG_INFORMATION_FORMAT = dwarf;
				ENABLE_STRICT_OBJC_MSGSEND = YES;
				ENABLE_TESTABILITY = YES;
				GCC_C_LANGUAGE_STANDARD = gnu11;
				GCC_DYNAMIC_NO_PIC = NO;
				GCC_NO_COMMON_BLOCKS = YES;
				GCC_OPTIMIZATION_LEVEL = 0;
				GCC_PREPROCESSOR_DEFINITIONS = (
					"DEBUG=1",
					"$(inherited)",
				);
				GCC_WARN_64_TO_32_BIT_CONVERSION = YES;
				GCC_WARN_ABOUT_RETURN_TYPE = YES_ERROR;
				GCC_WARN_UNDECLARED_SELECTOR = YES;
				GCC_WARN_UNINITIALIZED_AUTOS = YES_AGGRESSIVE;
				GCC_WARN_UNUSED_FUNCTION = YES;
				GCC_WARN_UNUSED_VARIABLE = YES;
				IPHONEOS_DEPLOYMENT_TARGET = 11.4;
				MTL_ENABLE_DEBUG_INFO = YES;
				ONLY_ACTIVE_ARCH = YES;
				SDKROOT = iphoneos;
				SWIFT_ACTIVE_COMPILATION_CONDITIONS = DEBUG;
				SWIFT_OPTIMIZATION_LEVEL = "-Onone";
			};
			name = Debug;
		};
		17B11FD6214DF89E00FD7CC8 /* Release */ = {
			isa = XCBuildConfiguration;
			buildSettings = {
				ALWAYS_SEARCH_USER_PATHS = NO;
				CLANG_ANALYZER_NONNULL = YES;
				CLANG_ANALYZER_NUMBER_OBJECT_CONVERSION = YES_AGGRESSIVE;
				CLANG_CXX_LANGUAGE_STANDARD = "gnu++14";
				CLANG_CXX_LIBRARY = "libc++";
				CLANG_ENABLE_MODULES = YES;
				CLANG_ENABLE_OBJC_ARC = YES;
				CLANG_ENABLE_OBJC_WEAK = YES;
				CLANG_WARN_BLOCK_CAPTURE_AUTORELEASING = YES;
				CLANG_WARN_BOOL_CONVERSION = YES;
				CLANG_WARN_COMMA = YES;
				CLANG_WARN_CONSTANT_CONVERSION = YES;
				CLANG_WARN_DEPRECATED_OBJC_IMPLEMENTATIONS = YES;
				CLANG_WARN_DIRECT_OBJC_ISA_USAGE = YES_ERROR;
				CLANG_WARN_DOCUMENTATION_COMMENTS = YES;
				CLANG_WARN_EMPTY_BODY = YES;
				CLANG_WARN_ENUM_CONVERSION = YES;
				CLANG_WARN_INFINITE_RECURSION = YES;
				CLANG_WARN_INT_CONVERSION = YES;
				CLANG_WARN_NON_LITERAL_NULL_CONVERSION = YES;
				CLANG_WARN_OBJC_IMPLICIT_RETAIN_SELF = YES;
				CLANG_WARN_OBJC_LITERAL_CONVERSION = YES;
				CLANG_WARN_OBJC_ROOT_CLASS = YES_ERROR;
				CLANG_WARN_RANGE_LOOP_ANALYSIS = YES;
				CLANG_WARN_STRICT_PROTOTYPES = YES;
				CLANG_WARN_SUSPICIOUS_MOVE = YES;
				CLANG_WARN_UNGUARDED_AVAILABILITY = YES_AGGRESSIVE;
				CLANG_WARN_UNREACHABLE_CODE = YES;
				CLANG_WARN__DUPLICATE_METHOD_MATCH = YES;
				CODE_SIGN_IDENTITY = "iPhone Developer";
				COPY_PHASE_STRIP = NO;
				DEBUG_INFORMATION_FORMAT = "dwarf-with-dsym";
				ENABLE_NS_ASSERTIONS = NO;
				ENABLE_STRICT_OBJC_MSGSEND = YES;
				GCC_C_LANGUAGE_STANDARD = gnu11;
				GCC_NO_COMMON_BLOCKS = YES;
				GCC_WARN_64_TO_32_BIT_CONVERSION = YES;
				GCC_WARN_ABOUT_RETURN_TYPE = YES_ERROR;
				GCC_WARN_UNDECLARED_SELECTOR = YES;
				GCC_WARN_UNINITIALIZED_AUTOS = YES_AGGRESSIVE;
				GCC_WARN_UNUSED_FUNCTION = YES;
				GCC_WARN_UNUSED_VARIABLE = YES;
				IPHONEOS_DEPLOYMENT_TARGET = 11.4;
				MTL_ENABLE_DEBUG_INFO = NO;
				SDKROOT = iphoneos;
				SWIFT_COMPILATION_MODE = wholemodule;
				SWIFT_OPTIMIZATION_LEVEL = "-O";
				VALIDATE_PRODUCT = YES;
			};
			name = Release;
		};
		17B11FD8214DF89E00FD7CC8 /* Debug */ = {
			isa = XCBuildConfiguration;
			buildSettings = {
				ASSETCATALOG_COMPILER_APPICON_NAME = AppIcon;
				CODE_SIGN_STYLE = Automatic;
				DEVELOPMENT_TEAM = 5422E8H79W;
				INFOPLIST_FILE = PlowNoMore/Info.plist;
				LD_RUNPATH_SEARCH_PATHS = (
					"$(inherited)",
					"@executable_path/Frameworks",
				);
				PRODUCT_BUNDLE_IDENTIFIER = technoligest.PlowNoMore;
				PRODUCT_NAME = "$(TARGET_NAME)";
				SWIFT_VERSION = 4.0;
				TARGETED_DEVICE_FAMILY = "1,2";
			};
			name = Debug;
		};
		17B11FD9214DF89E00FD7CC8 /* Release */ = {
			isa = XCBuildConfiguration;
			buildSettings = {
				ASSETCATALOG_COMPILER_APPICON_NAME = AppIcon;
				CODE_SIGN_STYLE = Automatic;
				DEVELOPMENT_TEAM = 5422E8H79W;
				INFOPLIST_FILE = PlowNoMore/Info.plist;
				LD_RUNPATH_SEARCH_PATHS = (
					"$(inherited)",
					"@executable_path/Frameworks",
				);
				PRODUCT_BUNDLE_IDENTIFIER = technoligest.PlowNoMore;
				PRODUCT_NAME = "$(TARGET_NAME)";
				SWIFT_VERSION = 4.0;
				TARGETED_DEVICE_FAMILY = "1,2";
			};
			name = Release;
		};
		17B11FDB214DF89E00FD7CC8 /* Debug */ = {
			isa = XCBuildConfiguration;
			buildSettings = {
				ALWAYS_EMBED_SWIFT_STANDARD_LIBRARIES = YES;
				BUNDLE_LOADER = "$(TEST_HOST)";
				CODE_SIGN_STYLE = Automatic;
				DEVELOPMENT_TEAM = 5422E8H79W;
				INFOPLIST_FILE = PlowNoMoreTests/Info.plist;
				LD_RUNPATH_SEARCH_PATHS = (
					"$(inherited)",
					"@executable_path/Frameworks",
					"@loader_path/Frameworks",
				);
				PRODUCT_BUNDLE_IDENTIFIER = technoligest.PlowNoMoreTests;
				PRODUCT_NAME = "$(TARGET_NAME)";
				SWIFT_VERSION = 4.0;
				TARGETED_DEVICE_FAMILY = "1,2";
				TEST_HOST = "$(BUILT_PRODUCTS_DIR)/PlowNoMore.app/PlowNoMore";
			};
			name = Debug;
		};
		17B11FDC214DF89E00FD7CC8 /* Release */ = {
			isa = XCBuildConfiguration;
			buildSettings = {
				ALWAYS_EMBED_SWIFT_STANDARD_LIBRARIES = YES;
				BUNDLE_LOADER = "$(TEST_HOST)";
				CODE_SIGN_STYLE = Automatic;
				DEVELOPMENT_TEAM = 5422E8H79W;
				INFOPLIST_FILE = PlowNoMoreTests/Info.plist;
				LD_RUNPATH_SEARCH_PATHS = (
					"$(inherited)",
					"@executable_path/Frameworks",
					"@loader_path/Frameworks",
				);
				PRODUCT_BUNDLE_IDENTIFIER = technoligest.PlowNoMoreTests;
				PRODUCT_NAME = "$(TARGET_NAME)";
				SWIFT_VERSION = 4.0;
				TARGETED_DEVICE_FAMILY = "1,2";
				TEST_HOST = "$(BUILT_PRODUCTS_DIR)/PlowNoMore.app/PlowNoMore";
			};
			name = Release;
		};
		17B11FDE214DF89E00FD7CC8 /* Debug */ = {
			isa = XCBuildConfiguration;
			buildSettings = {
				ALWAYS_EMBED_SWIFT_STANDARD_LIBRARIES = YES;
				CODE_SIGN_STYLE = Automatic;
				DEVELOPMENT_TEAM = 5422E8H79W;
				INFOPLIST_FILE = PlowNoMoreUITests/Info.plist;
				LD_RUNPATH_SEARCH_PATHS = (
					"$(inherited)",
					"@executable_path/Frameworks",
					"@loader_path/Frameworks",
				);
				PRODUCT_BUNDLE_IDENTIFIER = technoligest.PlowNoMoreUITests;
				PRODUCT_NAME = "$(TARGET_NAME)";
				SWIFT_VERSION = 4.0;
				TARGETED_DEVICE_FAMILY = "1,2";
				TEST_TARGET_NAME = PlowNoMore;
			};
			name = Debug;
		};
		17B11FDF214DF89E00FD7CC8 /* Release */ = {
			isa = XCBuildConfiguration;
			buildSettings = {
				ALWAYS_EMBED_SWIFT_STANDARD_LIBRARIES = YES;
				CODE_SIGN_STYLE = Automatic;
				DEVELOPMENT_TEAM = 5422E8H79W;
				INFOPLIST_FILE = PlowNoMoreUITests/Info.plist;
				LD_RUNPATH_SEARCH_PATHS = (
					"$(inherited)",
					"@executable_path/Frameworks",
					"@loader_path/Frameworks",
				);
				PRODUCT_BUNDLE_IDENTIFIER = technoligest.PlowNoMoreUITests;
				PRODUCT_NAME = "$(TARGET_NAME)";
				SWIFT_VERSION = 4.0;
				TARGETED_DEVICE_FAMILY = "1,2";
				TEST_TARGET_NAME = PlowNoMore;
			};
			name = Release;
		};
/* End XCBuildConfiguration section */

/* Begin XCConfigurationList section */
		17B11FA8214DF89C00FD7CC8 /* Build configuration list for PBXProject "PlowNoMore" */ = {
			isa = XCConfigurationList;
			buildConfigurations = (
				17B11FD5214DF89E00FD7CC8 /* Debug */,
				17B11FD6214DF89E00FD7CC8 /* Release */,
			);
			defaultConfigurationIsVisible = 0;
			defaultConfigurationName = Release;
		};
		17B11FD7214DF89E00FD7CC8 /* Build configuration list for PBXNativeTarget "PlowNoMore" */ = {
			isa = XCConfigurationList;
			buildConfigurations = (
				17B11FD8214DF89E00FD7CC8 /* Debug */,
				17B11FD9214DF89E00FD7CC8 /* Release */,
			);
			defaultConfigurationIsVisible = 0;
			defaultConfigurationName = Release;
		};
		17B11FDA214DF89E00FD7CC8 /* Build configuration list for PBXNativeTarget "PlowNoMoreTests" */ = {
			isa = XCConfigurationList;
			buildConfigurations = (
				17B11FDB214DF89E00FD7CC8 /* Debug */,
				17B11FDC214DF89E00FD7CC8 /* Release */,
			);
			defaultConfigurationIsVisible = 0;
			defaultConfigurationName = Release;
		};
		17B11FDD214DF89E00FD7CC8 /* Build configuration list for PBXNativeTarget "PlowNoMoreUITests" */ = {
			isa = XCConfigurationList;
			buildConfigurations = (
				17B11FDE214DF89E00FD7CC8 /* Debug */,
				17B11FDF214DF89E00FD7CC8 /* Release */,
			);
			defaultConfigurationIsVisible = 0;
			defaultConfigurationName = Release;
		};
/* End XCConfigurationList section */
	};
	rootObject = 17B11FA5214DF89C00FD7CC8 /* Project object */;
}
